Microsoft Visual Studio Solution File, Format Version 12.00
# Visual Studio 15
VisualStudioVersion = 15.0.28010.2050
MinimumVisualStudioVersion = 10.0.40219.1
Project("{FAE04EC0-301F-11D3-BF4B-00C04F79EFBC}") = "XamarinTutorial1WebApi.Android", "XamarinTutorial1WebApi.Android\XamarinTutorial1WebApi.Android.csproj", "{BD46E1C8-ECB5-4A02-8794-02CCEDFEC0FF}"
EndProject
Project("{FAE04EC0-301F-11D3-BF4B-00C04F79EFBC}") = "XamarinTutorial1WebApi.iOS", "XamarinTutorial1WebApi.iOS\XamarinTutorial1WebApi.iOS.csproj", "{3EBA9B35-6332-4335-8B46-CC86A40F915D}"
EndProject
Project("{9A19103F-16F7-4668-BE54-9A1E7A4F7556}") = "XamarinTutorial1WebApi", "XamarinTutorial1WebApi\XamarinTutorial1WebApi.csproj", "{4BA71F95-616D-4721-861B-37933333BD91}"
EndProject
Project("{2150E333-8FDC-42A3-9474-1A3956D46DE8}") = "WEBAPI", "WEBAPI", "{D331A7F8-349C-4EF0-9930-15DBBFFCB2FA}"
EndProject
Project("{9A19103F-16F7-4668-BE54-9A1E7A4F7556}") = "SchoolDBWebAPI", "SchoolDBWebAPI\SchoolDBWebAPI\SchoolDBWebAPI.csproj", "{F62FD07B-C4F5-4483-9A8D-FBF1A48B35EF}"
EndProject
Project("{9A19103F-16F7-4668-BE54-9A1E7A4F7556}") = "SchoolDBData", "SchoolDBWebAPI\SchoolDBData\SchoolDBData.csproj", "{9094D421-132F-4B20-876D-30135BBE36FC}"
EndProject
Global
	GlobalSection(SolutionConfigurationPlatforms) = preSolution
		Ad-Hoc|Any CPU = Ad-Hoc|Any CPU
		Ad-Hoc|iPhone = Ad-Hoc|iPhone
		Ad-Hoc|iPhoneSimulator = Ad-Hoc|iPhoneSimulator
		AppStore|Any CPU = AppStore|Any CPU
		AppStore|iPhone = AppStore|iPhone
		AppStore|iPhoneSimulator = AppStore|iPhoneSimulator
		Debug|Any CPU = Debug|Any CPU
		Debug|iPhone = Debug|iPhone
		Debug|iPhoneSimulator = Debug|iPhoneSimulator
		Release|Any CPU = Release|Any CPU
		Release|iPhone = Release|iPhone
		Release|iPhoneSimulator = Release|iPhoneSimulator
	EndGlobalSection
	GlobalSection(ProjectConfigurationPlatforms) = postSolution
		{BD46E1C8-ECB5-4A02-8794-02CCEDFEC0FF}.Ad-Hoc|Any CPU.ActiveCfg = Release|Any CPU
		{BD46E1C8-ECB5-4A02-8794-02CCEDFEC0FF}.Ad-Hoc|Any CPU.Build.0 = Release|Any CPU
		{BD46E1C8-ECB5-4A02-8794-02CCEDFEC0FF}.Ad-Hoc|Any CPU.Deploy.0 = Release|Any CPU
		{BD46E1C8-ECB5-4A02-8794-02CCEDFEC0FF}.Ad-Hoc|iPhone.ActiveCfg = Debug|Any CPU
		{BD46E1C8-ECB5-4A02-8794-02CCEDFEC0FF}.Ad-Hoc|iPhone.Build.0 = Debug|Any CPU
		{BD46E1C8-ECB5-4A02-8794-02CCEDFEC0FF}.Ad-Hoc|iPhoneSimulator.ActiveCfg = Release|Any CPU
		{BD46E1C8-ECB5-4A02-8794-02CCEDFEC0FF}.Ad-Hoc|iPhoneSimulator.Build.0 = Release|Any CPU
		{BD46E1C8-ECB5-4A02-8794-02CCEDFEC0FF}.Ad-Hoc|iPhoneSimulator.Deploy.0 = Release|Any CPU
		{BD46E1C8-ECB5-4A02-8794-02CCEDFEC0FF}.AppStore|Any CPU.ActiveCfg = Release|Any CPU
		{BD46E1C8-ECB5-4A02-8794-02CCEDFEC0FF}.AppStore|Any CPU.Build.0 = Release|Any CPU
		{BD46E1C8-ECB5-4A02-8794-02CCEDFEC0FF}.AppStore|Any CPU.Deploy.0 = Release|Any CPU
		{BD46E1C8-ECB5-4A02-8794-02CCEDFEC0FF}.AppStore|iPhone.ActiveCfg = Debug|Any CPU
		{BD46E1C8-ECB5-4A02-8794-02CCEDFEC0FF}.AppStore|iPhone.Build.0 = Debug|Any CPU
		{BD46E1C8-ECB5-4A02-8794-02CCEDFEC0FF}.AppStore|iPhoneSimulator.ActiveCfg = Release|Any CPU
		{BD46E1C8-ECB5-4A02-8794-02CCEDFEC0FF}.AppStore|iPhoneSimulator.Build.0 = Release|Any CPU
		{BD46E1C8-ECB5-4A02-8794-02CCEDFEC0FF}.AppStore|iPhoneSimulator.Deploy.0 = Release|Any CPU
		{BD46E1C8-ECB5-4A02-8794-02CCEDFEC0FF}.Debug|Any CPU.ActiveCfg = Debug|Any CPU
		{BD46E1C8-ECB5-4A02-8794-02CCEDFEC0FF}.Debug|Any CPU.Build.0 = Debug|Any CPU
		{BD46E1C8-ECB5-4A02-8794-02CCEDFEC0FF}.Debug|iPhone.ActiveCfg = Debug|Any CPU
		{BD46E1C8-ECB5-4A02-8794-02CCEDFEC0FF}.Debug|iPhone.Build.0 = Debug|Any CPU
		{BD46E1C8-ECB5-4A02-8794-02CCEDFEC0FF}.Debug|iPhoneSimulator.ActiveCfg = Debug|Any CPU
		{BD46E1C8-ECB5-4A02-8794-02CCEDFEC0FF}.Debug|iPhoneSimulator.Build.0 = Debug|Any CPU
		{BD46E1C8-ECB5-4A02-8794-02CCEDFEC0FF}.Release|Any CPU.ActiveCfg = Release|Any CPU
		{BD46E1C8-ECB5-4A02-8794-02CCEDFEC0FF}.Release|Any CPU.Build.0 = Release|Any CPU
		{BD46E1C8-ECB5-4A02-8794-02CCEDFEC0FF}.Release|iPhone.ActiveCfg = Release|Any CPU
		{BD46E1C8-ECB5-4A02-8794-02CCEDFEC0FF}.Release|iPhone.Build.0 = Release|Any CPU
		{BD46E1C8-ECB5-4A02-8794-02CCEDFEC0FF}.Release|iPhoneSimulator.ActiveCfg = Release|Any CPU
		{BD46E1C8-ECB5-4A02-8794-02CCEDFEC0FF}.Release|iPhoneSimulator.Build.0 = Release|Any CPU
		{3EBA9B35-6332-4335-8B46-CC86A40F915D}.Ad-Hoc|Any CPU.ActiveCfg = Ad-Hoc|iPhoneSimulator
		{3EBA9B35-6332-4335-8B46-CC86A40F915D}.Ad-Hoc|iPhone.ActiveCfg = Ad-Hoc|iPhone
		{3EBA9B35-6332-4335-8B46-CC86A40F915D}.Ad-Hoc|iPhone.Build.0 = Ad-Hoc|iPhone
		{3EBA9B35-6332-4335-8B46-CC86A40F915D}.Ad-Hoc|iPhoneSimulator.ActiveCfg = Ad-Hoc|iPhoneSimulator
		{3EBA9B35-6332-4335-8B46-CC86A40F915D}.Ad-Hoc|iPhoneSimulator.Build.0 = Ad-Hoc|iPhoneSimulator
		{3EBA9B35-6332-4335-8B46-CC86A40F915D}.AppStore|Any CPU.ActiveCfg = AppStore|iPhoneSimulator
		{3EBA9B35-6332-4335-8B46-CC86A40F915D}.AppStore|iPhone.ActiveCfg = AppStore|iPhone
		{3EBA9B35-6332-4335-8B46-CC86A40F915D}.AppStore|iPhone.Build.0 = AppStore|iPhone
		{3EBA9B35-6332-4335-8B46-CC86A40F915D}.AppStore|iPhoneSimulator.ActiveCfg = AppStore|iPhoneSimulator
		{3EBA9B35-6332-4335-8B46-CC86A40F915D}.AppStore|iPhoneSimulator.Build.0 = AppStore|iPhoneSimulator
		{3EBA9B35-6332-4335-8B46-CC86A40F915D}.Debug|Any CPU.ActiveCfg = Debug|iPhoneSimulator
		{3EBA9B35-6332-4335-8B46-CC86A40F915D}.Debug|Any CPU.Build.0 = Debug|iPhoneSimulator
		{3EBA9B35-6332-4335-8B46-CC86A40F915D}.Debug|iPhone.ActiveCfg = Debug|iPhone
		{3EBA9B35-6332-4335-8B46-CC86A40F915D}.Debug|iPhone.Build.0 = Debug|iPhone
		{3EBA9B35-6332-4335-8B46-CC86A40F915D}.Debug|iPhoneSimulator.ActiveCfg = Debug|iPhoneSimulator
		{3EBA9B35-6332-4335-8B46-CC86A40F915D}.Debug|iPhoneSimulator.Build.0 = Debug|iPhoneSimulator
		{3EBA9B35-6332-4335-8B46-CC86A40F915D}.Release|Any CPU.ActiveCfg = Release|iPhoneSimulator
		{3EBA9B35-6332-4335-8B46-CC86A40F915D}.Release|Any CPU.Build.0 = Release|iPhoneSimulator
		{3EBA9B35-6332-4335-8B46-CC86A40F915D}.Release|iPhone.ActiveCfg = Release|iPhone
		{3EBA9B35-6332-4335-8B46-CC86A40F915D}.Release|iPhone.Build.0 = Release|iPhone
		{3EBA9B35-6332-4335-8B46-CC86A40F915D}.Release|iPhoneSimulator.ActiveCfg = Release|iPhoneSimulator
		{3EBA9B35-6332-4335-8B46-CC86A40F915D}.Release|iPhoneSimulator.Build.0 = Release|iPhoneSimulator
		{4BA71F95-616D-4721-861B-37933333BD91}.Ad-Hoc|Any CPU.ActiveCfg = Release|Any CPU
		{4BA71F95-616D-4721-861B-37933333BD91}.Ad-Hoc|Any CPU.Build.0 = Release|Any CPU
		{4BA71F95-616D-4721-861B-37933333BD91}.Ad-Hoc|iPhone.ActiveCfg = Debug|Any CPU
		{4BA71F95-616D-4721-861B-37933333BD91}.Ad-Hoc|iPhone.Build.0 = Debug|Any CPU
		{4BA71F95-616D-4721-861B-37933333BD91}.Ad-Hoc|iPhoneSimulator.ActiveCfg = Release|Any CPU
		{4BA71F95-616D-4721-861B-37933333BD91}.Ad-Hoc|iPhoneSimulator.Build.0 = Release|Any CPU
		{4BA71F95-616D-4721-861B-37933333BD91}.AppStore|Any CPU.ActiveCfg = Release|Any CPU
		{4BA71F95-616D-4721-861B-37933333BD91}.AppStore|Any CPU.Build.0 = Release|Any CPU
		{4BA71F95-616D-4721-861B-37933333BD91}.AppStore|iPhone.ActiveCfg = Debug|Any CPU
		{4BA71F95-616D-4721-861B-37933333BD91}.AppStore|iPhone.Build.0 = Debug|Any CPU
		{4BA71F95-616D-4721-861B-37933333BD91}.AppStore|iPhoneSimulator.ActiveCfg = Release|Any CPU
		{4BA71F95-616D-4721-861B-37933333BD91}.AppStore|iPhoneSimulator.Build.0 = Release|Any CPU
		{4BA71F95-616D-4721-861B-37933333BD91}.Debug|Any CPU.ActiveCfg = Debug|Any CPU
		{4BA71F95-616D-4721-861B-37933333BD91}.Debug|Any CPU.Build.0 = Debug|Any CPU
		{4BA71F95-616D-4721-861B-37933333BD91}.Debug|iPhone.ActiveCfg = Debug|Any CPU
		{4BA71F95-616D-4721-861B-37933333BD91}.Debug|iPhone.Build.0 = Debug|Any CPU
		{4BA71F95-616D-4721-861B-37933333BD91}.Debug|iPhoneSimulator.ActiveCfg = Debug|Any CPU
		{4BA71F95-616D-4721-861B-37933333BD91}.Debug|iPhoneSimulator.Build.0 = Debug|Any CPU
		{4BA71F95-616D-4721-861B-37933333BD91}.Release|Any CPU.ActiveCfg = Release|Any CPU
		{4BA71F95-616D-4721-861B-37933333BD91}.Release|Any CPU.Build.0 = Release|Any CPU
		{4BA71F95-616D-4721-861B-37933333BD91}.Release|iPhone.ActiveCfg = Release|Any CPU
		{4BA71F95-616D-4721-861B-37933333BD91}.Release|iPhone.Build.0 = Release|Any CPU
		{4BA71F95-616D-4721-861B-37933333BD91}.Release|iPhoneSimulator.ActiveCfg = Release|Any CPU
		{4BA71F95-616D-4721-861B-37933333BD91}.Release|iPhoneSimulator.Build.0 = Release|Any CPU
		{F62FD07B-C4F5-4483-9A8D-FBF1A48B35EF}.Ad-Hoc|Any CPU.ActiveCfg = Debug|Any CPU
		{F62FD07B-C4F5-4483-9A8D-FBF1A48B35EF}.Ad-Hoc|Any CPU.Build.0 = Debug|Any CPU
		{F62FD07B-C4F5-4483-9A8D-FBF1A48B35EF}.Ad-Hoc|iPhone.ActiveCfg = Debug|Any CPU
		{F62FD07B-C4F5-4483-9A8D-FBF1A48B35EF}.Ad-Hoc|iPhone.Build.0 = Debug|Any CPU
		{F62FD07B-C4F5-4483-9A8D-FBF1A48B35EF}.Ad-Hoc|iPhoneSimulator.ActiveCfg = Debug|Any CPU
		{F62FD07B-C4F5-4483-9A8D-FBF1A48B35EF}.Ad-Hoc|iPhoneSimulator.Build.0 = Debug|Any CPU
		{F62FD07B-C4F5-4483-9A8D-FBF1A48B35EF}.AppStore|Any CPU.ActiveCfg = Debug|Any CPU
		{F62FD07B-C4F5-4483-9A8D-FBF1A48B35EF}.AppStore|Any CPU.Build.0 = Debug|Any CPU
		{F62FD07B-C4F5-4483-9A8D-FBF1A48B35EF}.AppStore|iPhone.ActiveCfg = Debug|Any CPU
		{F62FD07B-C4F5-4483-9A8D-FBF1A48B35EF}.AppStore|iPhone.Build.0 = Debug|Any CPU
		{F62FD07B-C4F5-4483-9A8D-FBF1A48B35EF}.AppStore|iPhoneSimulator.ActiveCfg = Debug|Any CPU
		{F62FD07B-C4F5-4483-9A8D-FBF1A48B35EF}.AppStore|iPhoneSimulator.Build.0 = Debug|Any CPU
		{F62FD07B-C4F5-4483-9A8D-FBF1A48B35EF}.Debug|Any CPU.ActiveCfg = Debug|Any CPU
		{F62FD07B-C4F5-4483-9A8D-FBF1A48B35EF}.Debug|Any CPU.Build.0 = Debug|Any CPU
		{F62FD07B-C4F5-4483-9A8D-FBF1A48B35EF}.Debug|iPhone.ActiveCfg = Debug|Any CPU
		{F62FD07B-C4F5-4483-9A8D-FBF1A48B35EF}.Debug|iPhone.Build.0 = Debug|Any CPU
		{F62FD07B-C4F5-4483-9A8D-FBF1A48B35EF}.Debug|iPhoneSimulator.ActiveCfg = Debug|Any CPU
		{F62FD07B-C4F5-4483-9A8D-FBF1A48B35EF}.Debug|iPhoneSimulator.Build.0 = Debug|Any CPU
		{F62FD07B-C4F5-4483-9A8D-FBF1A48B35EF}.Release|Any CPU.ActiveCfg = Release|Any CPU
		{F62FD07B-C4F5-4483-9A8D-FBF1A48B35EF}.Release|Any CPU.Build.0 = Release|Any CPU
		{F62FD07B-C4F5-4483-9A8D-FBF1A48B35EF}.Release|iPhone.ActiveCfg = Release|Any CPU
		{F62FD07B-C4F5-4483-9A8D-FBF1A48B35EF}.Release|iPhone.Build.0 = Release|Any CPU
		{F62FD07B-C4F5-4483-9A8D-FBF1A48B35EF}.Release|iPhoneSimulator.ActiveCfg = Release|Any CPU
		{F62FD07B-C4F5-4483-9A8D-FBF1A48B35EF}.Release|iPhoneSimulator.Build.0 = Release|Any CPU
		{9094D421-132F-4B20-876D-30135BBE36FC}.Ad-Hoc|Any CPU.ActiveCfg = Debug|Any CPU
		{9094D421-132F-4B20-876D-30135BBE36FC}.Ad-Hoc|Any CPU.Build.0 = Debug|Any CPU
		{9094D421-132F-4B20-876D-30135BBE36FC}.Ad-Hoc|iPhone.ActiveCfg = Debug|Any CPU
		{9094D421-132F-4B20-876D-30135BBE36FC}.Ad-Hoc|iPhone.Build.0 = Debug|Any CPU
		{9094D421-132F-4B20-876D-30135BBE36FC}.Ad-Hoc|iPhoneSimulator.ActiveCfg = Debug|Any CPU
		{9094D421-132F-4B20-876D-30135BBE36FC}.Ad-Hoc|iPhoneSimulator.Build.0 = Debug|Any CPU
		{9094D421-132F-4B20-876D-30135BBE36FC}.AppStore|Any CPU.ActiveCfg = Debug|Any CPU
		{9094D421-132F-4B20-876D-30135BBE36FC}.AppStore|Any CPU.Build.0 = Debug|Any CPU
		{9094D421-132F-4B20-876D-30135BBE36FC}.AppStore|iPhone.ActiveCfg = Debug|Any CPU
		{9094D421-132F-4B20-876D-30135BBE36FC}.AppStore|iPhone.Build.0 = Debug|Any CPU
		{9094D421-132F-4B20-876D-30135BBE36FC}.AppStore|iPhoneSimulator.ActiveCfg = Debug|Any CPU
		{9094D421-132F-4B20-876D-30135BBE36FC}.AppStore|iPhoneSimulator.Build.0 = Debug|Any CPU
		{9094D421-132F-4B20-876D-30135BBE36FC}.Debug|Any CPU.ActiveCfg = Debug|Any CPU
		{9094D421-132F-4B20-876D-30135BBE36FC}.Debug|Any CPU.Build.0 = Debug|Any CPU
		{9094D421-132F-4B20-876D-30135BBE36FC}.Debug|iPhone.ActiveCfg = Debug|Any CPU
		{9094D421-132F-4B20-876D-30135BBE36FC}.Debug|iPhone.Build.0 = Debug|Any CPU
		{9094D421-132F-4B20-876D-30135BBE36FC}.Debug|iPhoneSimulator.ActiveCfg = Debug|Any CPU
		{9094D421-132F-4B20-876D-30135BBE36FC}.Debug|iPhoneSimulator.Build.0 = Debug|Any CPU
		{9094D421-132F-4B20-876D-30135BBE36FC}.Release|Any CPU.ActiveCfg = Release|Any CPU
		{9094D421-132F-4B20-876D-30135BBE36FC}.Release|Any CPU.Build.0 = Release|Any CPU
		{9094D421-132F-4B20-876D-30135BBE36FC}.Release|iPhone.ActiveCfg = Release|Any CPU
		{9094D421-132F-4B20-876D-30135BBE36FC}.Release|iPhone.Build.0 = Release|Any CPU
		{9094D421-132F-4B20-876D-30135BBE36FC}.Release|iPhoneSimulator.ActiveCfg = Release|Any CPU
		{9094D421-132F-4B20-876D-30135BBE36FC}.Release|iPhoneSimulator.Build.0 = Release|Any CPU
	EndGlobalSection
	GlobalSection(SolutionProperties) = preSolution
		HideSolutionNode = FALSE
	EndGlobalSection
	GlobalSection(NestedProjects) = preSolution
		{F62FD07B-C4F5-4483-9A8D-FBF1A48B35EF} = {D331A7F8-349C-4EF0-9930-15DBBFFCB2FA}
		{9094D421-132F-4B20-876D-30135BBE36FC} = {D331A7F8-349C-4EF0-9930-15DBBFFCB2FA}
	EndGlobalSection
	GlobalSection(ExtensibilityGlobals) = postSolution
		SolutionGuid = {A01AAFFD-E52B-4E32-8334-14118066675A}
	EndGlobalSection
EndGlobal
